
Microsoft Visual Studio Solution File, Format Version 12.00
# Visual Studio Version 17
VisualStudioVersion = 17.0.31903.59
MinimumVisualStudioVersion = 10.0.40219.1
Project("{FAE04EC0-301F-11D3-BF4B-00C04F79EFBC}") = "Atomic.Net.MonoGame.Core", "Atomic.Net.MonoGame.Core\Atomic.Net.MonoGame.Core.csproj", "{A2B3623F-B5F0-4EAA-873B-D357D8A05DF5}"
EndProject
Project("{FAE04EC0-301F-11D3-BF4B-00C04F79EFBC}") = "Atomic.Net.MonoGame.BED", "Atomic.Net.MonoGame.BED\Atomic.Net.MonoGame.BED.csproj", "{88491F0B-0D23-490D-9C02-CE7664F37B37}"
EndProject
Project("{FAE04EC0-301F-11D3-BF4B-00C04F79EFBC}") = "Atomic.Net.MonoGame.Flex", "Atomic.Net.MonoGame.Flex\Atomic.Net.MonoGame.Flex.csproj", "{DFEC83D9-549A-421D-9BF9-9E942190FACB}"
EndProject
Project("{FAE04EC0-301F-11D3-BF4B-00C04F79EFBC}") = "Atomic.Net.MonoGame.Transform", "Atomic.Net.MonoGame.Transform\Atomic.Net.MonoGame.Transform.csproj", "{1C802258-0FE7-4951-8169-7E5A3AC1F3DC}"
EndProject
Project("{FAE04EC0-301F-11D3-BF4B-00C04F79EFBC}") = "Atomic.Net.MonoGame.Benchmarks", "Atomic.Net.MonoGame.Benchmarks\Atomic.Net.MonoGame.Benchmarks.csproj", "{CA6CFE8E-C22A-4F70-828D-CA46D61F9B0C}"
EndProject
Project("{FAE04EC0-301F-11D3-BF4B-00C04F79EFBC}") = "Atomic.Net.MonoGame.Tests", "Atomic.Net.MonoGame.Tests\Atomic.Net.MonoGame.Tests.csproj", "{C7130DA6-FA62-4CEF-8883-CFD2A5C6BBD0}"
EndProject
Project("{FAE04EC0-301F-11D3-BF4B-00C04F79EFBC}") = "Atomic.Net.MonoGame.Scenes", "Atomic.Net.MonoGame.Scenes\Atomic.Net.MonoGame.Scenes.csproj", "{5C294339-3F06-46F6-8699-D5FABCC57E81}"
EndProject
Global
	GlobalSection(SolutionConfigurationPlatforms) = preSolution
		Debug|Any CPU = Debug|Any CPU
		Debug|x64 = Debug|x64
		Debug|x86 = Debug|x86
		Release|Any CPU = Release|Any CPU
		Release|x64 = Release|x64
		Release|x86 = Release|x86
	EndGlobalSection
	GlobalSection(ProjectConfigurationPlatforms) = postSolution
		{A2B3623F-B5F0-4EAA-873B-D357D8A05DF5}.Debug|Any CPU.ActiveCfg = Debug|Any CPU
		{A2B3623F-B5F0-4EAA-873B-D357D8A05DF5}.Debug|Any CPU.Build.0 = Debug|Any CPU
		{A2B3623F-B5F0-4EAA-873B-D357D8A05DF5}.Debug|x64.ActiveCfg = Debug|Any CPU
		{A2B3623F-B5F0-4EAA-873B-D357D8A05DF5}.Debug|x64.Build.0 = Debug|Any CPU
		{A2B3623F-B5F0-4EAA-873B-D357D8A05DF5}.Debug|x86.ActiveCfg = Debug|Any CPU
		{A2B3623F-B5F0-4EAA-873B-D357D8A05DF5}.Debug|x86.Build.0 = Debug|Any CPU
		{A2B3623F-B5F0-4EAA-873B-D357D8A05DF5}.Release|Any CPU.ActiveCfg = Release|Any CPU
		{A2B3623F-B5F0-4EAA-873B-D357D8A05DF5}.Release|Any CPU.Build.0 = Release|Any CPU
		{A2B3623F-B5F0-4EAA-873B-D357D8A05DF5}.Release|x64.ActiveCfg = Release|Any CPU
		{A2B3623F-B5F0-4EAA-873B-D357D8A05DF5}.Release|x64.Build.0 = Release|Any CPU
		{A2B3623F-B5F0-4EAA-873B-D357D8A05DF5}.Release|x86.ActiveCfg = Release|Any CPU
		{A2B3623F-B5F0-4EAA-873B-D357D8A05DF5}.Release|x86.Build.0 = Release|Any CPU
		{88491F0B-0D23-490D-9C02-CE7664F37B37}.Debug|Any CPU.ActiveCfg = Debug|Any CPU
		{88491F0B-0D23-490D-9C02-CE7664F37B37}.Debug|Any CPU.Build.0 = Debug|Any CPU
		{88491F0B-0D23-490D-9C02-CE7664F37B37}.Debug|x64.ActiveCfg = Debug|Any CPU
		{88491F0B-0D23-490D-9C02-CE7664F37B37}.Debug|x64.Build.0 = Debug|Any CPU
		{88491F0B-0D23-490D-9C02-CE7664F37B37}.Debug|x86.ActiveCfg = Debug|Any CPU
		{88491F0B-0D23-490D-9C02-CE7664F37B37}.Debug|x86.Build.0 = Debug|Any CPU
		{88491F0B-0D23-490D-9C02-CE7664F37B37}.Release|Any CPU.ActiveCfg = Release|Any CPU
		{88491F0B-0D23-490D-9C02-CE7664F37B37}.Release|Any CPU.Build.0 = Release|Any CPU
		{88491F0B-0D23-490D-9C02-CE7664F37B37}.Release|x64.ActiveCfg = Release|Any CPU
		{88491F0B-0D23-490D-9C02-CE7664F37B37}.Release|x64.Build.0 = Release|Any CPU
		{88491F0B-0D23-490D-9C02-CE7664F37B37}.Release|x86.ActiveCfg = Release|Any CPU
		{88491F0B-0D23-490D-9C02-CE7664F37B37}.Release|x86.Build.0 = Release|Any CPU
		{DFEC83D9-549A-421D-9BF9-9E942190FACB}.Debug|Any CPU.ActiveCfg = Debug|Any CPU
		{DFEC83D9-549A-421D-9BF9-9E942190FACB}.Debug|Any CPU.Build.0 = Debug|Any CPU
		{DFEC83D9-549A-421D-9BF9-9E942190FACB}.Debug|x64.ActiveCfg = Debug|Any CPU
		{DFEC83D9-549A-421D-9BF9-9E942190FACB}.Debug|x64.Build.0 = Debug|Any CPU
		{DFEC83D9-549A-421D-9BF9-9E942190FACB}.Debug|x86.ActiveCfg = Debug|Any CPU
		{DFEC83D9-549A-421D-9BF9-9E942190FACB}.Debug|x86.Build.0 = Debug|Any CPU
		{DFEC83D9-549A-421D-9BF9-9E942190FACB}.Release|Any CPU.ActiveCfg = Release|Any CPU
		{DFEC83D9-549A-421D-9BF9-9E942190FACB}.Release|Any CPU.Build.0 = Release|Any CPU
		{DFEC83D9-549A-421D-9BF9-9E942190FACB}.Release|x64.ActiveCfg = Release|Any CPU
		{DFEC83D9-549A-421D-9BF9-9E942190FACB}.Release|x64.Build.0 = Release|Any CPU
		{DFEC83D9-549A-421D-9BF9-9E942190FACB}.Release|x86.ActiveCfg = Release|Any CPU
		{DFEC83D9-549A-421D-9BF9-9E942190FACB}.Release|x86.Build.0 = Release|Any CPU
		{1C802258-0FE7-4951-8169-7E5A3AC1F3DC}.Debug|Any CPU.ActiveCfg = Debug|Any CPU
		{1C802258-0FE7-4951-8169-7E5A3AC1F3DC}.Debug|Any CPU.Build.0 = Debug|Any CPU
		{1C802258-0FE7-4951-8169-7E5A3AC1F3DC}.Debug|x64.ActiveCfg = Debug|Any CPU
		{1C802258-0FE7-4951-8169-7E5A3AC1F3DC}.Debug|x64.Build.0 = Debug|Any CPU
		{1C802258-0FE7-4951-8169-7E5A3AC1F3DC}.Debug|x86.ActiveCfg = Debug|Any CPU
		{1C802258-0FE7-4951-8169-7E5A3AC1F3DC}.Debug|x86.Build.0 = Debug|Any CPU
		{1C802258-0FE7-4951-8169-7E5A3AC1F3DC}.Release|Any CPU.ActiveCfg = Release|Any CPU
		{1C802258-0FE7-4951-8169-7E5A3AC1F3DC}.Release|Any CPU.Build.0 = Release|Any CPU
		{1C802258-0FE7-4951-8169-7E5A3AC1F3DC}.Release|x64.ActiveCfg = Release|Any CPU
		{1C802258-0FE7-4951-8169-7E5A3AC1F3DC}.Release|x64.Build.0 = Release|Any CPU
		{1C802258-0FE7-4951-8169-7E5A3AC1F3DC}.Release|x86.ActiveCfg = Release|Any CPU
		{1C802258-0FE7-4951-8169-7E5A3AC1F3DC}.Release|x86.Build.0 = Release|Any CPU
		{CA6CFE8E-C22A-4F70-828D-CA46D61F9B0C}.Debug|Any CPU.ActiveCfg = Debug|Any CPU
		{CA6CFE8E-C22A-4F70-828D-CA46D61F9B0C}.Debug|Any CPU.Build.0 = Debug|Any CPU
		{CA6CFE8E-C22A-4F70-828D-CA46D61F9B0C}.Debug|x64.ActiveCfg = Debug|Any CPU
		{CA6CFE8E-C22A-4F70-828D-CA46D61F9B0C}.Debug|x64.Build.0 = Debug|Any CPU
		{CA6CFE8E-C22A-4F70-828D-CA46D61F9B0C}.Debug|x86.ActiveCfg = Debug|Any CPU
		{CA6CFE8E-C22A-4F70-828D-CA46D61F9B0C}.Debug|x86.Build.0 = Debug|Any CPU
		{CA6CFE8E-C22A-4F70-828D-CA46D61F9B0C}.Release|Any CPU.ActiveCfg = Release|Any CPU
		{CA6CFE8E-C22A-4F70-828D-CA46D61F9B0C}.Release|Any CPU.Build.0 = Release|Any CPU
		{CA6CFE8E-C22A-4F70-828D-CA46D61F9B0C}.Release|x64.ActiveCfg = Release|Any CPU
		{CA6CFE8E-C22A-4F70-828D-CA46D61F9B0C}.Release|x64.Build.0 = Release|Any CPU
		{CA6CFE8E-C22A-4F70-828D-CA46D61F9B0C}.Release|x86.ActiveCfg = Release|Any CPU
		{CA6CFE8E-C22A-4F70-828D-CA46D61F9B0C}.Release|x86.Build.0 = Release|Any CPU
		{C7130DA6-FA62-4CEF-8883-CFD2A5C6BBD0}.Debug|Any CPU.ActiveCfg = Debug|Any CPU
		{C7130DA6-FA62-4CEF-8883-CFD2A5C6BBD0}.Debug|Any CPU.Build.0 = Debug|Any CPU
		{C7130DA6-FA62-4CEF-8883-CFD2A5C6BBD0}.Debug|x64.ActiveCfg = Debug|Any CPU
		{C7130DA6-FA62-4CEF-8883-CFD2A5C6BBD0}.Debug|x64.Build.0 = Debug|Any CPU
		{C7130DA6-FA62-4CEF-8883-CFD2A5C6BBD0}.Debug|x86.ActiveCfg = Debug|Any CPU
		{C7130DA6-FA62-4CEF-8883-CFD2A5C6BBD0}.Debug|x86.Build.0 = Debug|Any CPU
		{C7130DA6-FA62-4CEF-8883-CFD2A5C6BBD0}.Release|Any CPU.ActiveCfg = Release|Any CPU
		{C7130DA6-FA62-4CEF-8883-CFD2A5C6BBD0}.Release|Any CPU.Build.0 = Release|Any CPU
		{C7130DA6-FA62-4CEF-8883-CFD2A5C6BBD0}.Release|x64.ActiveCfg = Release|Any CPU
		{C7130DA6-FA62-4CEF-8883-CFD2A5C6BBD0}.Release|x64.Build.0 = Release|Any CPU
		{C7130DA6-FA62-4CEF-8883-CFD2A5C6BBD0}.Release|x86.ActiveCfg = Release|Any CPU
		{C7130DA6-FA62-4CEF-8883-CFD2A5C6BBD0}.Release|x86.Build.0 = Release|Any CPU
		{5C294339-3F06-46F6-8699-D5FABCC57E81}.Debug|Any CPU.ActiveCfg = Debug|Any CPU
		{5C294339-3F06-46F6-8699-D5FABCC57E81}.Debug|Any CPU.Build.0 = Debug|Any CPU
		{5C294339-3F06-46F6-8699-D5FABCC57E81}.Debug|x64.ActiveCfg = Debug|Any CPU
		{5C294339-3F06-46F6-8699-D5FABCC57E81}.Debug|x64.Build.0 = Debug|Any CPU
		{5C294339-3F06-46F6-8699-D5FABCC57E81}.Debug|x86.ActiveCfg = Debug|Any CPU
		{5C294339-3F06-46F6-8699-D5FABCC57E81}.Debug|x86.Build.0 = Debug|Any CPU
		{5C294339-3F06-46F6-8699-D5FABCC57E81}.Release|Any CPU.ActiveCfg = Release|Any CPU
		{5C294339-3F06-46F6-8699-D5FABCC57E81}.Release|Any CPU.Build.0 = Release|Any CPU
		{5C294339-3F06-46F6-8699-D5FABCC57E81}.Release|x64.ActiveCfg = Release|Any CPU
		{5C294339-3F06-46F6-8699-D5FABCC57E81}.Release|x64.Build.0 = Release|Any CPU
		{5C294339-3F06-46F6-8699-D5FABCC57E81}.Release|x86.ActiveCfg = Release|Any CPU
		{5C294339-3F06-46F6-8699-D5FABCC57E81}.Release|x86.Build.0 = Release|Any CPU
		{43DD7ABA-7D1B-46D8-94DA-DD9F8D9FAC5A}.Debug|Any CPU.ActiveCfg = Debug|Any CPU
		{43DD7ABA-7D1B-46D8-94DA-DD9F8D9FAC5A}.Debug|Any CPU.Build.0 = Debug|Any CPU
		{43DD7ABA-7D1B-46D8-94DA-DD9F8D9FAC5A}.Debug|x64.ActiveCfg = Debug|Any CPU
		{43DD7ABA-7D1B-46D8-94DA-DD9F8D9FAC5A}.Debug|x64.Build.0 = Debug|Any CPU
		{43DD7ABA-7D1B-46D8-94DA-DD9F8D9FAC5A}.Debug|x86.ActiveCfg = Debug|Any CPU
		{43DD7ABA-7D1B-46D8-94DA-DD9F8D9FAC5A}.Debug|x86.Build.0 = Debug|Any CPU
		{43DD7ABA-7D1B-46D8-94DA-DD9F8D9FAC5A}.Release|Any CPU.ActiveCfg = Release|Any CPU
		{43DD7ABA-7D1B-46D8-94DA-DD9F8D9FAC5A}.Release|Any CPU.Build.0 = Release|Any CPU
		{43DD7ABA-7D1B-46D8-94DA-DD9F8D9FAC5A}.Release|x64.ActiveCfg = Release|Any CPU
		{43DD7ABA-7D1B-46D8-94DA-DD9F8D9FAC5A}.Release|x64.Build.0 = Release|Any CPU
		{43DD7ABA-7D1B-46D8-94DA-DD9F8D9FAC5A}.Release|x86.ActiveCfg = Release|Any CPU
		{43DD7ABA-7D1B-46D8-94DA-DD9F8D9FAC5A}.Release|x86.Build.0 = Release|Any CPU
	EndGlobalSection
	GlobalSection(SolutionProperties) = preSolution
		HideSolutionNode = FALSE
	EndGlobalSection
EndGlobal
